// !$*UTF8*$!
{
	archiveVersion = 1;
	classes = {
	};
	objectVersion = 55;
	objects = {

/* Begin PBXBuildFile section */
		57105D3627CDDA9800D51490 /* UserTypeViewController.swift in Sources */ = {isa = PBXBuildFile; fileRef = 57105D3527CDDA9800D51490 /* UserTypeViewController.swift */; };
		579FDAE627CC7D06009D00B4 /* AppDelegate.swift in Sources */ = {isa = PBXBuildFile; fileRef = 579FDAE527CC7D06009D00B4 /* AppDelegate.swift */; };
		579FDAE827CC7D06009D00B4 /* SceneDelegate.swift in Sources */ = {isa = PBXBuildFile; fileRef = 579FDAE727CC7D06009D00B4 /* SceneDelegate.swift */; };
		579FDAEA27CC7D06009D00B4 /* WelcomeViewController.swift in Sources */ = {isa = PBXBuildFile; fileRef = 579FDAE927CC7D06009D00B4 /* WelcomeViewController.swift */; };
		579FDAED27CC7D06009D00B4 /* Main.storyboard in Resources */ = {isa = PBXBuildFile; fileRef = 579FDAEB27CC7D06009D00B4 /* Main.storyboard */; };
		579FDAEF27CC7D08009D00B4 /* Assets.xcassets in Resources */ = {isa = PBXBuildFile; fileRef = 579FDAEE27CC7D08009D00B4 /* Assets.xcassets */; };
		579FDAF227CC7D08009D00B4 /* LaunchScreen.storyboard in Resources */ = {isa = PBXBuildFile; fileRef = 579FDAF027CC7D08009D00B4 /* LaunchScreen.storyboard */; };
		579FDAFD27CC7D08009D00B4 /* FeedMamaTests.swift in Sources */ = {isa = PBXBuildFile; fileRef = 579FDAFC27CC7D08009D00B4 /* FeedMamaTests.swift */; };
		579FDB0727CC7D08009D00B4 /* FeedMamaUITests.swift in Sources */ = {isa = PBXBuildFile; fileRef = 579FDB0627CC7D08009D00B4 /* FeedMamaUITests.swift */; };
		579FDB0927CC7D08009D00B4 /* FeedMamaUITestsLaunchTests.swift in Sources */ = {isa = PBXBuildFile; fileRef = 579FDB0827CC7D08009D00B4 /* FeedMamaUITestsLaunchTests.swift */; };
/* End PBXBuildFile section */

/* Begin PBXContainerItemProxy section */
		579FDAF927CC7D08009D00B4 /* PBXContainerItemProxy */ = {
			isa = PBXContainerItemProxy;
			containerPortal = 579FDADA27CC7D06009D00B4 /* Project object */;
			proxyType = 1;
			remoteGlobalIDString = 579FDAE127CC7D06009D00B4;
			remoteInfo = FeedMama;
		};
		579FDB0327CC7D08009D00B4 /* PBXContainerItemProxy */ = {
			isa = PBXContainerItemProxy;
			containerPortal = 579FDADA27CC7D06009D00B4 /* Project object */;
			proxyType = 1;
			remoteGlobalIDString = 579FDAE127CC7D06009D00B4;
			remoteInfo = FeedMama;
		};
/* End PBXContainerItemProxy section */

/* Begin PBXFileReference section */
		57105D3527CDDA9800D51490 /* UserTypeViewController.swift */ = {isa = PBXFileReference; lastKnownFileType = sourcecode.swift; path = UserTypeViewController.swift; sourceTree = "<group>"; };
		579FDAE227CC7D06009D00B4 /* FeedMama.app */ = {isa = PBXFileReference; explicitFileType = wrapper.application; includeInIndex = 0; path = FeedMama.app; sourceTree = BUILT_PRODUCTS_DIR; };
		579FDAE527CC7D06009D00B4 /* AppDelegate.swift */ = {isa = PBXFileReference; lastKnownFileType = sourcecode.swift; path = AppDelegate.swift; sourceTree = "<group>"; };
		579FDAE727CC7D06009D00B4 /* SceneDelegate.swift */ = {isa = PBXFileReference; lastKnownFileType = sourcecode.swift; path = SceneDelegate.swift; sourceTree = "<group>"; };
		579FDAE927CC7D06009D00B4 /* WelcomeViewController.swift */ = {isa = PBXFileReference; lastKnownFileType = sourcecode.swift; path = WelcomeViewController.swift; sourceTree = "<group>"; };
		579FDAEC27CC7D06009D00B4 /* Base */ = {isa = PBXFileReference; lastKnownFileType = file.storyboard; name = Base; path = Base.lproj/Main.storyboard; sourceTree = "<group>"; };
		579FDAEE27CC7D08009D00B4 /* Assets.xcassets */ = {isa = PBXFileReference; lastKnownFileType = folder.assetcatalog; path = Assets.xcassets; sourceTree = "<group>"; };
		579FDAF127CC7D08009D00B4 /* Base */ = {isa = PBXFileReference; lastKnownFileType = file.storyboard; name = Base; path = Base.lproj/LaunchScreen.storyboard; sourceTree = "<group>"; };
		579FDAF327CC7D08009D00B4 /* Info.plist */ = {isa = PBXFileReference; lastKnownFileType = text.plist.xml; path = Info.plist; sourceTree = "<group>"; };
		579FDAF827CC7D08009D00B4 /* FeedMamaTests.xctest */ = {isa = PBXFileReference; explicitFileType = wrapper.cfbundle; includeInIndex = 0; path = FeedMamaTests.xctest; sourceTree = BUILT_PRODUCTS_DIR; };
		579FDAFC27CC7D08009D00B4 /* FeedMamaTests.swift */ = {isa = PBXFileReference; lastKnownFileType = sourcecode.swift; path = FeedMamaTests.swift; sourceTree = "<group>"; };
		579FDB0227CC7D08009D00B4 /* FeedMamaUITests.xctest */ = {isa = PBXFileReference; explicitFileType = wrapper.cfbundle; includeInIndex = 0; path = FeedMamaUITests.xctest; sourceTree = BUILT_PRODUCTS_DIR; };
		579FDB0627CC7D08009D00B4 /* FeedMamaUITests.swift */ = {isa = PBXFileReference; lastKnownFileType = sourcecode.swift; path = FeedMamaUITests.swift; sourceTree = "<group>"; };
		579FDB0827CC7D08009D00B4 /* FeedMamaUITestsLaunchTests.swift */ = {isa = PBXFileReference; lastKnownFileType = sourcecode.swift; path = FeedMamaUITestsLaunchTests.swift; sourceTree = "<group>"; };
/* End PBXFileReference section */

/* Begin PBXFrameworksBuildPhase section */
		579FDADF27CC7D06009D00B4 /* Frameworks */ = {
			isa = PBXFrameworksBuildPhase;
			buildActionMask = 2147483647;
			files = (
			);
			runOnlyForDeploymentPostprocessing = 0;
		};
		579FDAF527CC7D08009D00B4 /* Frameworks */ = {
			isa = PBXFrameworksBuildPhase;
			buildActionMask = 2147483647;
			files = (
			);
			runOnlyForDeploymentPostprocessing = 0;
		};
		579FDAFF27CC7D08009D00B4 /* Frameworks */ = {
			isa = PBXFrameworksBuildPhase;
			buildActionMask = 2147483647;
			files = (
			);
			runOnlyForDeploymentPostprocessing = 0;
		};
/* End PBXFrameworksBuildPhase section */

/* Begin PBXGroup section */
		579FDAD927CC7D06009D00B4 = {
			isa = PBXGroup;
			children = (
				579FDAE427CC7D06009D00B4 /* FeedMama */,
				579FDAFB27CC7D08009D00B4 /* FeedMamaTests */,
				579FDB0527CC7D08009D00B4 /* FeedMamaUITests */,
				579FDAE327CC7D06009D00B4 /* Products */,
			);
			sourceTree = "<group>";
		};
		579FDAE327CC7D06009D00B4 /* Products */ = {
			isa = PBXGroup;
			children = (
				579FDAE227CC7D06009D00B4 /* FeedMama.app */,
				579FDAF827CC7D08009D00B4 /* FeedMamaTests.xctest */,
				579FDB0227CC7D08009D00B4 /* FeedMamaUITests.xctest */,
			);
			name = Products;
			sourceTree = "<group>";
		};
		579FDAE427CC7D06009D00B4 /* FeedMama */ = {
			isa = PBXGroup;
			children = (
				579FDAE527CC7D06009D00B4 /* AppDelegate.swift */,
				579FDAE727CC7D06009D00B4 /* SceneDelegate.swift */,
				579FDAE927CC7D06009D00B4 /* WelcomeViewController.swift */,
				57105D3527CDDA9800D51490 /* UserTypeViewController.swift */,
				579FDAEB27CC7D06009D00B4 /* Main.storyboard */,
				579FDAEE27CC7D08009D00B4 /* Assets.xcassets */,
				579FDAF027CC7D08009D00B4 /* LaunchScreen.storyboard */,
				579FDAF327CC7D08009D00B4 /* Info.plist */,
			);
			path = FeedMama;
			sourceTree = "<group>";
		};
		579FDAFB27CC7D08009D00B4 /* FeedMamaTests */ = {
			isa = PBXGroup;
			children = (
				579FDAFC27CC7D08009D00B4 /* FeedMamaTests.swift */,
			);
			path = FeedMamaTests;
			sourceTree = "<group>";
		};
		579FDB0527CC7D08009D00B4 /* FeedMamaUITests */ = {
			isa = PBXGroup;
			children = (
				579FDB0627CC7D08009D00B4 /* FeedMamaUITests.swift */,
				579FDB0827CC7D08009D00B4 /* FeedMamaUITestsLaunchTests.swift */,
			);
			path = FeedMamaUITests;
			sourceTree = "<group>";
		};
/* End PBXGroup section */

/* Begin PBXNativeTarget section */
		579FDAE127CC7D06009D00B4 /* FeedMama */ = {
			isa = PBXNativeTarget;
			buildConfigurationList = 579FDB0C27CC7D08009D00B4 /* Build configuration list for PBXNativeTarget "FeedMama" */;
			buildPhases = (
				579FDADE27CC7D06009D00B4 /* Sources */,
				579FDADF27CC7D06009D00B4 /* Frameworks */,
				579FDAE027CC7D06009D00B4 /* Resources */,
			);
			buildRules = (
			);
			dependencies = (
			);
			name = FeedMama;
			productName = FeedMama;
			productReference = 579FDAE227CC7D06009D00B4 /* FeedMama.app */;
			productType = "com.apple.product-type.application";
		};
		579FDAF727CC7D08009D00B4 /* FeedMamaTests */ = {
			isa = PBXNativeTarget;
			buildConfigurationList = 579FDB0F27CC7D08009D00B4 /* Build configuration list for PBXNativeTarget "FeedMamaTests" */;
			buildPhases = (
				579FDAF427CC7D08009D00B4 /* Sources */,
				579FDAF527CC7D08009D00B4 /* Frameworks */,
				579FDAF627CC7D08009D00B4 /* Resources */,
			);
			buildRules = (
			);
			dependencies = (
				579FDAFA27CC7D08009D00B4 /* PBXTargetDependency */,
			);
			name = FeedMamaTests;
			productName = FeedMamaTests;
			productReference = 579FDAF827CC7D08009D00B4 /* FeedMamaTests.xctest */;
			productType = "com.apple.product-type.bundle.unit-test";
		};
		579FDB0127CC7D08009D00B4 /* FeedMamaUITests */ = {
			isa = PBXNativeTarget;
			buildConfigurationList = 579FDB1227CC7D08009D00B4 /* Build configuration list for PBXNativeTarget "FeedMamaUITests" */;
			buildPhases = (
				579FDAFE27CC7D08009D00B4 /* Sources */,
				579FDAFF27CC7D08009D00B4 /* Frameworks */,
				579FDB0027CC7D08009D00B4 /* Resources */,
			);
			buildRules = (
			);
			dependencies = (
				579FDB0427CC7D08009D00B4 /* PBXTargetDependency */,
			);
			name = FeedMamaUITests;
			productName = FeedMamaUITests;
			productReference = 579FDB0227CC7D08009D00B4 /* FeedMamaUITests.xctest */;
			productType = "com.apple.product-type.bundle.ui-testing";
		};
/* End PBXNativeTarget section */

/* Begin PBXProject section */
		579FDADA27CC7D06009D00B4 /* Project object */ = {
			isa = PBXProject;
			attributes = {
				BuildIndependentTargetsInParallel = 1;
				LastSwiftUpdateCheck = 1320;
				LastUpgradeCheck = 1320;
				TargetAttributes = {
					579FDAE127CC7D06009D00B4 = {
						CreatedOnToolsVersion = 13.2.1;
					};
					579FDAF727CC7D08009D00B4 = {
						CreatedOnToolsVersion = 13.2.1;
						TestTargetID = 579FDAE127CC7D06009D00B4;
					};
					579FDB0127CC7D08009D00B4 = {
						CreatedOnToolsVersion = 13.2.1;
						TestTargetID = 579FDAE127CC7D06009D00B4;
					};
				};
			};
			buildConfigurationList = 579FDADD27CC7D06009D00B4 /* Build configuration list for PBXProject "FeedMama" */;
			compatibilityVersion = "Xcode 13.0";
			developmentRegion = en;
			hasScannedForEncodings = 0;
			knownRegions = (
				en,
				Base,
			);
			mainGroup = 579FDAD927CC7D06009D00B4;
			productRefGroup = 579FDAE327CC7D06009D00B4 /* Products */;
			projectDirPath = "";
			projectRoot = "";
			targets = (
				579FDAE127CC7D06009D00B4 /* FeedMama */,
				579FDAF727CC7D08009D00B4 /* FeedMamaTests */,
				579FDB0127CC7D08009D00B4 /* FeedMamaUITests */,
			);
		};
/* End PBXProject section */

/* Begin PBXResourcesBuildPhase section */
		579FDAE027CC7D06009D00B4 /* Resources */ = {
			isa = PBXResourcesBuildPhase;
			buildActionMask = 2147483647;
			files = (
				579FDAF227CC7D08009D00B4 /* LaunchScreen.storyboard in Resources */,
				579FDAEF27CC7D08009D00B4 /* Assets.xcassets in Resources */,
				579FDAED27CC7D06009D00B4 /* Main.storyboard in Resources */,
			);
			runOnlyForDeploymentPostprocessing = 0;
		};
		579FDAF627CC7D08009D00B4 /* Resources */ = {
			isa = PBXResourcesBuildPhase;
			buildActionMask = 2147483647;
			files = (
			);
			runOnlyForDeploymentPostprocessing = 0;
		};
		579FDB0027CC7D08009D00B4 /* Resources */ = {
			isa = PBXResourcesBuildPhase;
			buildActionMask = 2147483647;
			files = (
			);
			runOnlyForDeploymentPostprocessing = 0;
		};
/* End PBXResourcesBuildPhase section */

/* Begin PBXSourcesBuildPhase section */
		579FDADE27CC7D06009D00B4 /* Sources */ = {
			isa = PBXSourcesBuildPhase;
			buildActionMask = 2147483647;
			files = (
				579FDAEA27CC7D06009D00B4 /* WelcomeViewController.swift in Sources */,
				579FDAE627CC7D06009D00B4 /* AppDelegate.swift in Sources */,
				579FDAE827CC7D06009D00B4 /* SceneDelegate.swift in Sources */,
				57105D3627CDDA9800D51490 /* UserTypeViewController.swift in Sources */,
			);
			runOnlyForDeploymentPostprocessing = 0;
		};
		579FDAF427CC7D08009D00B4 /* Sources */ = {
			isa = PBXSourcesBuildPhase;
			buildActionMask = 2147483647;
			files = (
				579FDAFD27CC7D08009D00B4 /* FeedMamaTests.swift in Sources */,
			);
			runOnlyForDeploymentPostprocessing = 0;
		};
		579FDAFE27CC7D08009D00B4 /* Sources */ = {
			isa = PBXSourcesBuildPhase;
			buildActionMask = 2147483647;
			files = (
				579FDB0927CC7D08009D00B4 /* FeedMamaUITestsLaunchTests.swift in Sources */,
				579FDB0727CC7D08009D00B4 /* FeedMamaUITests.swift in Sources */,
			);
			runOnlyForDeploymentPostprocessing = 0;
		};
/* End PBXSourcesBuildPhase section */

/* Begin PBXTargetDependency section */
		579FDAFA27CC7D08009D00B4 /* PBXTargetDependency */ = {
			isa = PBXTargetDependency;
			target = 579FDAE127CC7D06009D00B4 /* FeedMama */;
			targetProxy = 579FDAF927CC7D08009D00B4 /* PBXContainerItemProxy */;
		};
		579FDB0427CC7D08009D00B4 /* PBXTargetDependency */ = {
			isa = PBXTargetDependency;
			target = 579FDAE127CC7D06009D00B4 /* FeedMama */;
			targetProxy = 579FDB0327CC7D08009D00B4 /* PBXContainerItemProxy */;
		};
/* End PBXTargetDependency section */

/* Begin PBXVariantGroup section */
		579FDAEB27CC7D06009D00B4 /* Main.storyboard */ = {
			isa = PBXVariantGroup;
			children = (
				579FDAEC27CC7D06009D00B4 /* Base */,
			);
			name = Main.storyboard;
			sourceTree = "<group>";
		};
		579FDAF027CC7D08009D00B4 /* LaunchScreen.storyboard */ = {
			isa = PBXVariantGroup;
			children = (
				579FDAF127CC7D08009D00B4 /* Base */,
			);
			name = LaunchScreen.storyboard;
			sourceTree = "<group>";
		};
/* End PBXVariantGroup section */

/* Begin XCBuildConfiguration section */
		579FDB0A27CC7D08009D00B4 /* Debug */ = {
			isa = XCBuildConfiguration;
			buildSettings = {
				ALWAYS_SEARCH_USER_PATHS = NO;
				CLANG_ANALYZER_NONNULL = YES;
				CLANG_ANALYZER_NUMBER_OBJECT_CONVERSION = YES_AGGRESSIVE;
				CLANG_CXX_LANGUAGE_STANDARD = "gnu++17";
				CLANG_CXX_LIBRARY = "libc++";
				CLANG_ENABLE_MODULES = YES;
				CLANG_ENABLE_OBJC_ARC = YES;
				CLANG_ENABLE_OBJC_WEAK = YES;
				CLANG_WARN_BLOCK_CAPTURE_AUTORELEASING = YES;
				CLANG_WARN_BOOL_CONVERSION = YES;
				CLANG_WARN_COMMA = YES;
				CLANG_WARN_CONSTANT_CONVERSION = YES;
				CLANG_WARN_DEPRECATED_OBJC_IMPLEMENTATIONS = YES;
				CLANG_WARN_DIRECT_OBJC_ISA_USAGE = YES_ERROR;
				CLANG_WARN_DOCUMENTATION_COMMENTS = YES;
				CLANG_WARN_EMPTY_BODY = YES;
				CLANG_WARN_ENUM_CONVERSION = YES;
				CLANG_WARN_INFINITE_RECURSION = YES;
				CLANG_WARN_INT_CONVERSION = YES;
				CLANG_WARN_NON_LITERAL_NULL_CONVERSION = YES;
				CLANG_WARN_OBJC_IMPLICIT_RETAIN_SELF = YES;
				CLANG_WARN_OBJC_LITERAL_CONVERSION = YES;
				CLANG_WARN_OBJC_ROOT_CLASS = YES_ERROR;
				CLANG_WARN_QUOTED_INCLUDE_IN_FRAMEWORK_HEADER = YES;
				CLANG_WARN_RANGE_LOOP_ANALYSIS = YES;
				CLANG_WARN_STRICT_PROTOTYPES = YES;
				CLANG_WARN_SUSPICIOUS_MOVE = YES;
				CLANG_WARN_UNGUARDED_AVAILABILITY = YES_AGGRESSIVE;
				CLANG_WARN_UNREACHABLE_CODE = YES;
				CLANG_WARN__DUPLICATE_METHOD_MATCH = YES;
				COPY_PHASE_STRIP = NO;
				DEBUG_INFORMATION_FORMAT = dwarf;
				ENABLE_STRICT_OBJC_MSGSEND = YES;
				ENABLE_TESTABILITY = YES;
				GCC_C_LANGUAGE_STANDARD = gnu11;
				GCC_DYNAMIC_NO_PIC = NO;
				GCC_NO_COMMON_BLOCKS = YES;
				GCC_OPTIMIZATION_LEVEL = 0;
				GCC_PREPROCESSOR_DEFINITIONS = (
					"DEBUG=1",
					"$(inherited)",
				);
				GCC_WARN_64_TO_32_BIT_CONVERSION = YES;
				GCC_WARN_ABOUT_RETURN_TYPE = YES_ERROR;
				GCC_WARN_UNDECLARED_SELECTOR = YES;
				GCC_WARN_UNINITIALIZED_AUTOS = YES_AGGRESSIVE;
				GCC_WARN_UNUSED_FUNCTION = YES;
				GCC_WARN_UNUSED_VARIABLE = YES;
				IPHONEOS_DEPLOYMENT_TARGET = 15.2;
				MTL_ENABLE_DEBUG_INFO = INCLUDE_SOURCE;
				MTL_FAST_MATH = YES;
				ONLY_ACTIVE_ARCH = YES;
				SDKROOT = iphoneos;
				SWIFT_ACTIVE_COMPILATION_CONDITIONS = DEBUG;
				SWIFT_OPTIMIZATION_LEVEL = "-Onone";
			};
			name = Debug;
		};
		579FDB0B27CC7D08009D00B4 /* Release */ = {
			isa = XCBuildConfiguration;
			buildSettings = {
				ALWAYS_SEARCH_USER_PATHS = NO;
				CLANG_ANALYZER_NONNULL = YES;
				CLANG_ANALYZER_NUMBER_OBJECT_CONVERSION = YES_AGGRESSIVE;
				CLANG_CXX_LANGUAGE_STANDARD = "gnu++17";
				CLANG_CXX_LIBRARY = "libc++";
				CLANG_ENABLE_MODULES = YES;
				CLANG_ENABLE_OBJC_ARC = YES;
				CLANG_ENABLE_OBJC_WEAK = YES;
				CLANG_WARN_BLOCK_CAPTURE_AUTORELEASING = YES;
				CLANG_WARN_BOOL_CONVERSION = YES;
				CLANG_WARN_COMMA = YES;
				CLANG_WARN_CONSTANT_CONVERSION = YES;
				CLANG_WARN_DEPRECATED_OBJC_IMPLEMENTATIONS = YES;
				CLANG_WARN_DIRECT_OBJC_ISA_USAGE = YES_ERROR;
				CLANG_WARN_DOCUMENTATION_COMMENTS = YES;
				CLANG_WARN_EMPTY_BODY = YES;
				CLANG_WARN_ENUM_CONVERSION = YES;
				CLANG_WARN_INFINITE_RECURSION = YES;
				CLANG_WARN_INT_CONVERSION = YES;
				CLANG_WARN_NON_LITERAL_NULL_CONVERSION = YES;
				CLANG_WARN_OBJC_IMPLICIT_RETAIN_SELF = YES;
				CLANG_WARN_OBJC_LITERAL_CONVERSION = YES;
				CLANG_WARN_OBJC_ROOT_CLASS = YES_ERROR;
				CLANG_WARN_QUOTED_INCLUDE_IN_FRAMEWORK_HEADER = YES;
				CLANG_WARN_RANGE_LOOP_ANALYSIS = YES;
				CLANG_WARN_STRICT_PROTOTYPES = YES;
				CLANG_WARN_SUSPICIOUS_MOVE = YES;
				CLANG_WARN_UNGUARDED_AVAILABILITY = YES_AGGRESSIVE;
				CLANG_WARN_UNREACHABLE_CODE = YES;
				CLANG_WARN__DUPLICATE_METHOD_MATCH = YES;
				COPY_PHASE_STRIP = NO;
				DEBUG_INFORMATION_FORMAT = "dwarf-with-dsym";
				ENABLE_NS_ASSERTIONS = NO;
				ENABLE_STRICT_OBJC_MSGSEND = YES;
				GCC_C_LANGUAGE_STANDARD = gnu11;
				GCC_NO_COMMON_BLOCKS = YES;
				GCC_WARN_64_TO_32_BIT_CONVERSION = YES;
				GCC_WARN_ABOUT_RETURN_TYPE = YES_ERROR;
				GCC_WARN_UNDECLARED_SELECTOR = YES;
				GCC_WARN_UNINITIALIZED_AUTOS = YES_AGGRESSIVE;
				GCC_WARN_UNUSED_FUNCTION = YES;
				GCC_WARN_UNUSED_VARIABLE = YES;
				IPHONEOS_DEPLOYMENT_TARGET = 15.2;
				MTL_ENABLE_DEBUG_INFO = NO;
				MTL_FAST_MATH = YES;
				SDKROOT = iphoneos;
				SWIFT_COMPILATION_MODE = wholemodule;
				SWIFT_OPTIMIZATION_LEVEL = "-O";
				VALIDATE_PRODUCT = YES;
			};
			name = Release;
		};
		579FDB0D27CC7D08009D00B4 /* Debug */ = {
			isa = XCBuildConfiguration;
			buildSettings = {
				ASSETCATALOG_COMPILER_APPICON_NAME = AppIcon;
				ASSETCATALOG_COMPILER_GLOBAL_ACCENT_COLOR_NAME = AccentColor;
				CODE_SIGN_STYLE = Automatic;
				CURRENT_PROJECT_VERSION = 1;
				DEVELOPMENT_TEAM = W5DKC2SFCJ;
				GENERATE_INFOPLIST_FILE = YES;
				INFOPLIST_FILE = FeedMama/Info.plist;
				INFOPLIST_KEY_UIApplicationSupportsIndirectInputEvents = YES;
				INFOPLIST_KEY_UILaunchStoryboardName = LaunchScreen;
				INFOPLIST_KEY_UIMainStoryboardFile = Main;
				INFOPLIST_KEY_UISupportedInterfaceOrientations = UIInterfaceOrientationPortrait;
				INFOPLIST_KEY_UISupportedInterfaceOrientations_iPad = "UIInterfaceOrientationPortrait UIInterfaceOrientationPortraitUpsideDown UIInterfaceOrientationLandscapeLeft UIInterfaceOrientationLandscapeRight";
				INFOPLIST_KEY_UISupportedInterfaceOrientations_iPhone = "UIInterfaceOrientationPortrait UIInterfaceOrientationLandscapeLeft UIInterfaceOrientationLandscapeRight";
				LD_RUNPATH_SEARCH_PATHS = (
					"$(inherited)",
					"@executable_path/Frameworks",
				);
				MARKETING_VERSION = 1.0;
				PRODUCT_BUNDLE_IDENTIFIER = com.jimmychen.FeedMama;
				PRODUCT_NAME = "$(TARGET_NAME)";
				SWIFT_EMIT_LOC_STRINGS = YES;
				SWIFT_VERSION = 5.0;
				TARGETED_DEVICE_FAMILY = 1;
			};
			name = Debug;
		};
		579FDB0E27CC7D08009D00B4 /* Release */ = {
			isa = XCBuildConfiguration;
			buildSettings = {
				ASSETCATALOG_COMPILER_APPICON_NAME = AppIcon;
				ASSETCATALOG_COMPILER_GLOBAL_ACCENT_COLOR_NAME = AccentColor;
				CODE_SIGN_STYLE = Automatic;
				CURRENT_PROJECT_VERSION = 1;
				DEVELOPMENT_TEAM = W5DKC2SFCJ;
				GENERATE_INFOPLIST_FILE = YES;
				INFOPLIST_FILE = FeedMama/Info.plist;
				INFOPLIST_KEY_UIApplicationSupportsIndirectInputEvents = YES;
				INFOPLIST_KEY_UILaunchStoryboardName = LaunchScreen;
				INFOPLIST_KEY_UIMainStoryboardFile = Main;
				INFOPLIST_KEY_UISupportedInterfaceOrientations = UIInterfaceOrientationPortrait;
				INFOPLIST_KEY_UISupportedInterfaceOrientations_iPad = "UIInterfaceOrientationPortrait UIInterfaceOrientationPortraitUpsideDown UIInterfaceOrientationLandscapeLeft UIInterfaceOrientationLandscapeRight";
				INFOPLIST_KEY_UISupportedInterfaceOrientations_iPhone = "UIInterfaceOrientationPortrait UIInterfaceOrientationLandscapeLeft UIInterfaceOrientationLandscapeRight";
				LD_RUNPATH_SEARCH_PATHS = (
					"$(inherited)",
					"@executable_path/Frameworks",
				);
				MARKETING_VERSION = 1.0;
				PRODUCT_BUNDLE_IDENTIFIER = com.jimmychen.FeedMama;
				PRODUCT_NAME = "$(TARGET_NAME)";
				SWIFT_EMIT_LOC_STRINGS = YES;
				SWIFT_VERSION = 5.0;
				TARGETED_DEVICE_FAMILY = 1;
			};
			name = Release;
		};
		579FDB1027CC7D08009D00B4 /* Debug */ = {
			isa = XCBuildConfiguration;
			buildSettings = {
				ALWAYS_EMBED_SWIFT_STANDARD_LIBRARIES = YES;
				BUNDLE_LOADER = "$(TEST_HOST)";
				CODE_SIGN_STYLE = Automatic;
				CURRENT_PROJECT_VERSION = 1;
				DEVELOPMENT_TEAM = W5DKC2SFCJ;
				GENERATE_INFOPLIST_FILE = YES;
				IPHONEOS_DEPLOYMENT_TARGET = 15.2;
				MARKETING_VERSION = 1.0;
				PRODUCT_BUNDLE_IDENTIFIER = com.jimmychen.FeedMamaTests;
				PRODUCT_NAME = "$(TARGET_NAME)";
				SWIFT_EMIT_LOC_STRINGS = NO;
				SWIFT_VERSION = 5.0;
				TARGETED_DEVICE_FAMILY = "1,2";
				TEST_HOST = "$(BUILT_PRODUCTS_DIR)/FeedMama.app/FeedMama";
			};
			name = Debug;
		};
		579FDB1127CC7D08009D00B4 /* Release */ = {
			isa = XCBuildConfiguration;
			buildSettings = {
				ALWAYS_EMBED_SWIFT_STANDARD_LIBRARIES = YES;
				BUNDLE_LOADER = "$(TEST_HOST)";
				CODE_SIGN_STYLE = Automatic;
				CURRENT_PROJECT_VERSION = 1;
				DEVELOPMENT_TEAM = W5DKC2SFCJ;
				GENERATE_INFOPLIST_FILE = YES;
				IPHONEOS_DEPLOYMENT_TARGET = 15.2;
				MARKETING_VERSION = 1.0;
				PRODUCT_BUNDLE_IDENTIFIER = com.jimmychen.FeedMamaTests;
				PRODUCT_NAME = "$(TARGET_NAME)";
				SWIFT_EMIT_LOC_STRINGS = NO;
				SWIFT_VERSION = 5.0;
				TARGETED_DEVICE_FAMILY = "1,2";
				TEST_HOST = "$(BUILT_PRODUCTS_DIR)/FeedMama.app/FeedMama";
			};
			name = Release;
		};
		579FDB1327CC7D08009D00B4 /* Debug */ = {
			isa = XCBuildConfiguration;
			buildSettings = {
				ALWAYS_EMBED_SWIFT_STANDARD_LIBRARIES = YES;
				CODE_SIGN_STYLE = Automatic;
				CURRENT_PROJECT_VERSION = 1;
				DEVELOPMENT_TEAM = W5DKC2SFCJ;
				GENERATE_INFOPLIST_FILE = YES;
				MARKETING_VERSION = 1.0;
				PRODUCT_BUNDLE_IDENTIFIER = com.jimmychen.FeedMamaUITests;
				PRODUCT_NAME = "$(TARGET_NAME)";
				SWIFT_EMIT_LOC_STRINGS = NO;
				SWIFT_VERSION = 5.0;
				TARGETED_DEVICE_FAMILY = "1,2";
				TEST_TARGET_NAME = FeedMama;
			};
			name = Debug;
		};
		579FDB1427CC7D08009D00B4 /* Release */ = {
			isa = XCBuildConfiguration;
			buildSettings = {
				ALWAYS_EMBED_SWIFT_STANDARD_LIBRARIES = YES;
				CODE_SIGN_STYLE = Automatic;
				CURRENT_PROJECT_VERSION = 1;
				DEVELOPMENT_TEAM = W5DKC2SFCJ;
				GENERATE_INFOPLIST_FILE = YES;
				MARKETING_VERSION = 1.0;
				PRODUCT_BUNDLE_IDENTIFIER = com.jimmychen.FeedMamaUITests;
				PRODUCT_NAME = "$(TARGET_NAME)";
				SWIFT_EMIT_LOC_STRINGS = NO;
				SWIFT_VERSION = 5.0;
				TARGETED_DEVICE_FAMILY = "1,2";
				TEST_TARGET_NAME = FeedMama;
			};
			name = Release;
		};
/* End XCBuildConfiguration section */

/* Begin XCConfigurationList section */
		579FDADD27CC7D06009D00B4 /* Build configuration list for PBXProject "FeedMama" */ = {
			isa = XCConfigurationList;
			buildConfigurations = (
				579FDB0A27CC7D08009D00B4 /* Debug */,
				579FDB0B27CC7D08009D00B4 /* Release */,
			);
			defaultConfigurationIsVisible = 0;
			defaultConfigurationName = Release;
		};
		579FDB0C27CC7D08009D00B4 /* Build configuration list for PBXNativeTarget "FeedMama" */ = {
			isa = XCConfigurationList;
			buildConfigurations = (
				579FDB0D27CC7D08009D00B4 /* Debug */,
				579FDB0E27CC7D08009D00B4 /* Release */,
			);
			defaultConfigurationIsVisible = 0;
			defaultConfigurationName = Release;
		};
		579FDB0F27CC7D08009D00B4 /* Build configuration list for PBXNativeTarget "FeedMamaTests" */ = {
			isa = XCConfigurationList;
			buildConfigurations = (
				579FDB1027CC7D08009D00B4 /* Debug */,
				579FDB1127CC7D08009D00B4 /* Release */,
			);
			defaultConfigurationIsVisible = 0;
			defaultConfigurationName = Release;
		};
		579FDB1227CC7D08009D00B4 /* Build configuration list for PBXNativeTarget "FeedMamaUITests" */ = {
			isa = XCConfigurationList;
			buildConfigurations = (
				579FDB1327CC7D08009D00B4 /* Debug */,
				579FDB1427CC7D08009D00B4 /* Release */,
			);
			defaultConfigurationIsVisible = 0;
			defaultConfigurationName = Release;
		};
/* End XCConfigurationList section */
	};
	rootObject = 579FDADA27CC7D06009D00B4 /* Project object */;
}
